
Microsoft Visual Studio Solution File, Format Version 12.00
# Visual Studio 2012
Project("{FAE04EC0-301F-11D3-BF4B-00C04F79EFBC}") = "CarPlant.Tests", "CarPlant.Tests\CarPlant.Tests.csproj", "{EC9857F1-7813-48E8-AAC1-5C98236D37F0}"
EndProject
Project("{FAE04EC0-301F-11D3-BF4B-00C04F79EFBC}") = "CarPlant", "CarPlant\CarPlant.csproj", "{F3449C12-5FA3-4D0F-B15E-09537F4EB2FC}"
EndProject
Global
	GlobalSection(SolutionConfigurationPlatforms) = preSolution
		Debug|Any CPU = Debug|Any CPU
		Debug|x64 = Debug|x64
		Release|Any CPU = Release|Any CPU
		Release|x64 = Release|x64
	EndGlobalSection
	GlobalSection(ProjectConfigurationPlatforms) = postSolution
		{EC9857F1-7813-48E8-AAC1-5C98236D37F0}.Debug|Any CPU.ActiveCfg = Debug|Any CPU
		{EC9857F1-7813-48E8-AAC1-5C98236D37F0}.Debug|Any CPU.Build.0 = Debug|Any CPU
		{EC9857F1-7813-48E8-AAC1-5C98236D37F0}.Debug|x64.ActiveCfg = Debug|x64
		{EC9857F1-7813-48E8-AAC1-5C98236D37F0}.Debug|x64.Build.0 = Debug|x64
		{EC9857F1-7813-48E8-AAC1-5C98236D37F0}.Release|Any CPU.ActiveCfg = Release|Any CPU
		{EC9857F1-7813-48E8-AAC1-5C98236D37F0}.Release|Any CPU.Build.0 = Release|Any CPU
		{EC9857F1-7813-48E8-AAC1-5C98236D37F0}.Release|x64.ActiveCfg = Release|x64
		{EC9857F1-7813-48E8-AAC1-5C98236D37F0}.Release|x64.Build.0 = Release|x64
		{F3449C12-5FA3-4D0F-B15E-09537F4EB2FC}.Debug|Any CPU.ActiveCfg = Debug|Any CPU
		{F3449C12-5FA3-4D0F-B15E-09537F4EB2FC}.Debug|Any CPU.Build.0 = Debug|Any CPU
		{F3449C12-5FA3-4D0F-B15E-09537F4EB2FC}.Debug|x64.ActiveCfg = Debug|x64
		{F3449C12-5FA3-4D0F-B15E-09537F4EB2FC}.Debug|x64.Build.0 = Debug|x64
		{F3449C12-5FA3-4D0F-B15E-09537F4EB2FC}.Release|Any CPU.ActiveCfg = Release|Any CPU
		{F3449C12-5FA3-4D0F-B15E-09537F4EB2FC}.Release|Any CPU.Build.0 = Release|Any CPU
		{F3449C12-5FA3-4D0F-B15E-09537F4EB2FC}.Release|x64.ActiveCfg = Release|x64
		{F3449C12-5FA3-4D0F-B15E-09537F4EB2FC}.Release|x64.Build.0 = Release|x64
	EndGlobalSection
	GlobalSection(SolutionProperties) = preSolution
		HideSolutionNode = FALSE
	EndGlobalSection
	GlobalSection(MonoDevelopProperties) = preSolution
		StartupItem = CarPlant\CarPlant.Tests.csproj
	EndGlobalSection
EndGlobal
